
Microsoft Visual Studio Solution File, Format Version 12.00
# Visual Studio 14
VisualStudioVersion = 14.0.23107.0
MinimumVisualStudioVersion = 10.0.40219.1
Project("{FAE04EC0-301F-11D3-BF4B-00C04F79EFBC}") = "Independece", "Independece\Independece.csproj", "{7FAA4423-0938-4EDA-A7B3-C13621020D86}"
EndProject
Project("{FAE04EC0-301F-11D3-BF4B-00C04F79EFBC}") = "Independence.Tests", "..\tests\Independence.Tests\Independence.Tests.csproj", "{F2D26974-28C7-4A15-8F69-DFA02B4690DE}"
EndProject
Global
	GlobalSection(SolutionConfigurationPlatforms) = preSolution
		Debug|Any CPU = Debug|Any CPU
		Release|Any CPU = Release|Any CPU
	EndGlobalSection
	GlobalSection(ProjectConfigurationPlatforms) = postSolution
		{7FAA4423-0938-4EDA-A7B3-C13621020D86}.Debug|Any CPU.ActiveCfg = Debug|Any CPU
		{7FAA4423-0938-4EDA-A7B3-C13621020D86}.Debug|Any CPU.Build.0 = Debug|Any CPU
		{7FAA4423-0938-4EDA-A7B3-C13621020D86}.Release|Any CPU.ActiveCfg = Release|Any CPU
		{7FAA4423-0938-4EDA-A7B3-C13621020D86}.Release|Any CPU.Build.0 = Release|Any CPU
		{F2D26974-28C7-4A15-8F69-DFA02B4690DE}.Debug|Any CPU.ActiveCfg = Debug|Any CPU
		{F2D26974-28C7-4A15-8F69-DFA02B4690DE}.Debug|Any CPU.Build.0 = Debug|Any CPU
		{F2D26974-28C7-4A15-8F69-DFA02B4690DE}.Release|Any CPU.ActiveCfg = Release|Any CPU
		{F2D26974-28C7-4A15-8F69-DFA02B4690DE}.Release|Any CPU.Build.0 = Release|Any CPU
	EndGlobalSection
	GlobalSection(SolutionProperties) = preSolution
		HideSolutionNode = FALSE
	EndGlobalSection
EndGlobal
